{
  "name": "test",
  "version": "1.0.0",
  "lockfileVersion": 3,
  "requires": true,
  "packages": {
    "": {
      "name": "test",
      "version": "1.0.0",
      "license": "ISC",
      "dependencies": {
        "abhilashcalc": "^1.0.0"
      }
    },
    "node_modules/abhilashcalc": {
      "version": "1.0.0",
      "resolved": "https://registry.npmjs.org/abhilashcalc/-/abhilashcalc-1.0.0.tgz",
      "integrity": "sha512-5w+i92mfRv3p1TggP5lhSvyh9PS4U/KykjHUiV50w4hSEyao/OM/7AqleKT9LbeyE1eaWnOhYSMx0fbay1FJRA=="
    }
  }
}
